<Solution>
  <Folder Name="/Solution Items/">
    <File Path="Class1.cs" />
    <File Path="DataTypes.txt" />
    <File Path="TextFile1.txt" />
  </Folder>
  <Project Path="ConditionalStatements/ConditionalStatements.csproj" Id="05fa340f-140f-4ea8-830c-f5c1ecaa48da" />
  <Project Path="ConsoleApp/ConsoleApp.csproj" Id="58879ce3-2f5d-45ab-9f83-fed0b52535b9" />
  <Project Path="OperatorsConsole/OperatorsConsole.csproj" Id="f919fb5d-5c83-412c-ad10-29f86af33ccf" />
</Solution>
